
Microsoft Visual Studio Solution File, Format Version 12.00
# Visual Studio Version 16
VisualStudioVersion = 16.0.31129.286
MinimumVisualStudioVersion = 10.0.40219.1
Project("{FAE04EC0-301F-11D3-BF4B-00C04F79EFBC}") = "jsonAPI", "jsonAPI\jsonAPI.csproj", "{22FA0258-96AC-4289-8A59-5A95FFDBBF32}"
EndProject
Global
	GlobalSection(SolutionConfigurationPlatforms) = preSolution
		Debug|Any CPU = Debug|Any CPU
		Release|Any CPU = Release|Any CPU
	EndGlobalSection
	GlobalSection(ProjectConfigurationPlatforms) = postSolution
		{22FA0258-96AC-4289-8A59-5A95FFDBBF32}.Debug|Any CPU.ActiveCfg = Debug|Any CPU
		{22FA0258-96AC-4289-8A59-5A95FFDBBF32}.Debug|Any CPU.Build.0 = Debug|Any CPU
		{22FA0258-96AC-4289-8A59-5A95FFDBBF32}.Release|Any CPU.ActiveCfg = Release|Any CPU
		{22FA0258-96AC-4289-8A59-5A95FFDBBF32}.Release|Any CPU.Build.0 = Release|Any CPU
	EndGlobalSection
	GlobalSection(SolutionProperties) = preSolution
		HideSolutionNode = FALSE
	EndGlobalSection
	GlobalSection(ExtensibilityGlobals) = postSolution
		SolutionGuid = {B5048DDD-7618-45AE-AF8E-2B4AF4389E88}
	EndGlobalSection
EndGlobal
