
Microsoft Visual Studio Solution File, Format Version 12.00
# Visual Studio Version 16
VisualStudioVersion = 16.0.30804.86
MinimumVisualStudioVersion = 10.0.40219.1
Project("{FAE04EC0-301F-11D3-BF4B-00C04F79EFBC}") = "Test0409", "Test0409\Test0409.csproj", "{DC83BF12-ADAE-4A32-8546-8C5A7B28039A}"
EndProject
Global
	GlobalSection(SolutionConfigurationPlatforms) = preSolution
		Debug|Any CPU = Debug|Any CPU
		Release|Any CPU = Release|Any CPU
	EndGlobalSection
	GlobalSection(ProjectConfigurationPlatforms) = postSolution
		{DC83BF12-ADAE-4A32-8546-8C5A7B28039A}.Debug|Any CPU.ActiveCfg = Debug|Any CPU
		{DC83BF12-ADAE-4A32-8546-8C5A7B28039A}.Debug|Any CPU.Build.0 = Debug|Any CPU
		{DC83BF12-ADAE-4A32-8546-8C5A7B28039A}.Release|Any CPU.ActiveCfg = Release|Any CPU
		{DC83BF12-ADAE-4A32-8546-8C5A7B28039A}.Release|Any CPU.Build.0 = Release|Any CPU
	EndGlobalSection
	GlobalSection(SolutionProperties) = preSolution
		HideSolutionNode = FALSE
	EndGlobalSection
	GlobalSection(ExtensibilityGlobals) = postSolution
		SolutionGuid = {4F18F37F-462E-4277-A852-8CB9635765A4}
	EndGlobalSection
EndGlobal
